
Microsoft Visual Studio Solution File, Format Version 12.00
# Visual Studio 15
VisualStudioVersion = 15.0.28010.2036
MinimumVisualStudioVersion = 10.0.40219.1
Project("{FAE04EC0-301F-11D3-BF4B-00C04F79EFBC}") = "Array Exercises", "Array Exercises\Array Exercises.csproj", "{59ED73A7-C1E2-43F2-B159-1F944CB07CDE}"
EndProject
Global
	GlobalSection(SolutionConfigurationPlatforms) = preSolution
		Debug|Any CPU = Debug|Any CPU
		Release|Any CPU = Release|Any CPU
	EndGlobalSection
	GlobalSection(ProjectConfigurationPlatforms) = postSolution
		{59ED73A7-C1E2-43F2-B159-1F944CB07CDE}.Debug|Any CPU.ActiveCfg = Debug|Any CPU
		{59ED73A7-C1E2-43F2-B159-1F944CB07CDE}.Debug|Any CPU.Build.0 = Debug|Any CPU
		{59ED73A7-C1E2-43F2-B159-1F944CB07CDE}.Release|Any CPU.ActiveCfg = Release|Any CPU
		{59ED73A7-C1E2-43F2-B159-1F944CB07CDE}.Release|Any CPU.Build.0 = Release|Any CPU
	EndGlobalSection
	GlobalSection(SolutionProperties) = preSolution
		HideSolutionNode = FALSE
	EndGlobalSection
	GlobalSection(ExtensibilityGlobals) = postSolution
		SolutionGuid = {31879E84-93FD-4DE0-BC10-629DB003224B}
	EndGlobalSection
EndGlobal
